
Microsoft Visual Studio Solution File, Format Version 12.00
# Visual Studio Version 16
VisualStudioVersion = 16.0.31605.320
MinimumVisualStudioVersion = 10.0.40219.1
Project("{FAE04EC0-301F-11D3-BF4B-00C04F79EFBC}") = "FinalExam", "FinalExam\FinalExam.csproj", "{C6C83156-AC0E-4D4B-BAF9-2F536B9A5E44}"
EndProject
Global
	GlobalSection(SolutionConfigurationPlatforms) = preSolution
		Debug|Any CPU = Debug|Any CPU
		Release|Any CPU = Release|Any CPU
	EndGlobalSection
	GlobalSection(ProjectConfigurationPlatforms) = postSolution
		{C6C83156-AC0E-4D4B-BAF9-2F536B9A5E44}.Debug|Any CPU.ActiveCfg = Debug|Any CPU
		{C6C83156-AC0E-4D4B-BAF9-2F536B9A5E44}.Debug|Any CPU.Build.0 = Debug|Any CPU
		{C6C83156-AC0E-4D4B-BAF9-2F536B9A5E44}.Release|Any CPU.ActiveCfg = Release|Any CPU
		{C6C83156-AC0E-4D4B-BAF9-2F536B9A5E44}.Release|Any CPU.Build.0 = Release|Any CPU
	EndGlobalSection
	GlobalSection(SolutionProperties) = preSolution
		HideSolutionNode = FALSE
	EndGlobalSection
	GlobalSection(ExtensibilityGlobals) = postSolution
		SolutionGuid = {64406323-70DC-46A2-B636-902DBFC1DBE0}
	EndGlobalSection
EndGlobal
